
Microsoft Visual Studio Solution File, Format Version 12.00
# Visual Studio Version 16
VisualStudioVersion = 16.0.33214.272
MinimumVisualStudioVersion = 10.0.40219.1
Project("{FAE04EC0-301F-11D3-BF4B-00C04F79EFBC}") = "ConversorMoneda", "ConversorMoneda\ConversorMoneda.csproj", "{532CC47C-B70A-4B9B-A84B-DB65553F2D6F}"
EndProject
Project("{FAE04EC0-301F-11D3-BF4B-00C04F79EFBC}") = "ObserverLibrary", "ObserverLibrary\ObserverLibrary.csproj", "{0988ED73-5D0C-4D21-ADD2-4E7380214FE9}"
EndProject
Project("{2150E333-8FDC-42A3-9474-1A3956D46DE8}") = "PatronObserver", "PatronObserver", "{6135163D-9CD9-4A43-A43F-4B39465A161C}"
EndProject
Project("{2150E333-8FDC-42A3-9474-1A3956D46DE8}") = "abstractFactory", "abstractFactory", "{C463D686-8664-4CB6-964D-2A1F7C296DB8}"
EndProject
Project("{FAE04EC0-301F-11D3-BF4B-00C04F79EFBC}") = "Factory_Muebles", "Factory_Muebles\Factory_Muebles.csproj", "{1BE47183-3A10-4A65-B9D4-E12A813EEF22}"
EndProject
Project("{FAE04EC0-301F-11D3-BF4B-00C04F79EFBC}") = "Fabrica_mueble_Library", "Fabrica_mueble_Library\Fabrica_mueble_Library.csproj", "{3B6841C2-D89B-43EF-9BA0-D4DCC5AA09AD}"
EndProject
Global
	GlobalSection(SolutionConfigurationPlatforms) = preSolution
		Debug|Any CPU = Debug|Any CPU
		Release|Any CPU = Release|Any CPU
	EndGlobalSection
	GlobalSection(ProjectConfigurationPlatforms) = postSolution
		{532CC47C-B70A-4B9B-A84B-DB65553F2D6F}.Debug|Any CPU.ActiveCfg = Debug|Any CPU
		{532CC47C-B70A-4B9B-A84B-DB65553F2D6F}.Debug|Any CPU.Build.0 = Debug|Any CPU
		{532CC47C-B70A-4B9B-A84B-DB65553F2D6F}.Release|Any CPU.ActiveCfg = Release|Any CPU
		{532CC47C-B70A-4B9B-A84B-DB65553F2D6F}.Release|Any CPU.Build.0 = Release|Any CPU
		{0988ED73-5D0C-4D21-ADD2-4E7380214FE9}.Debug|Any CPU.ActiveCfg = Debug|Any CPU
		{0988ED73-5D0C-4D21-ADD2-4E7380214FE9}.Debug|Any CPU.Build.0 = Debug|Any CPU
		{0988ED73-5D0C-4D21-ADD2-4E7380214FE9}.Release|Any CPU.ActiveCfg = Release|Any CPU
		{0988ED73-5D0C-4D21-ADD2-4E7380214FE9}.Release|Any CPU.Build.0 = Release|Any CPU
		{1BE47183-3A10-4A65-B9D4-E12A813EEF22}.Debug|Any CPU.ActiveCfg = Debug|Any CPU
		{1BE47183-3A10-4A65-B9D4-E12A813EEF22}.Debug|Any CPU.Build.0 = Debug|Any CPU
		{1BE47183-3A10-4A65-B9D4-E12A813EEF22}.Release|Any CPU.ActiveCfg = Release|Any CPU
		{1BE47183-3A10-4A65-B9D4-E12A813EEF22}.Release|Any CPU.Build.0 = Release|Any CPU
		{3B6841C2-D89B-43EF-9BA0-D4DCC5AA09AD}.Debug|Any CPU.ActiveCfg = Debug|Any CPU
		{3B6841C2-D89B-43EF-9BA0-D4DCC5AA09AD}.Debug|Any CPU.Build.0 = Debug|Any CPU
		{3B6841C2-D89B-43EF-9BA0-D4DCC5AA09AD}.Release|Any CPU.ActiveCfg = Release|Any CPU
		{3B6841C2-D89B-43EF-9BA0-D4DCC5AA09AD}.Release|Any CPU.Build.0 = Release|Any CPU
	EndGlobalSection
	GlobalSection(SolutionProperties) = preSolution
		HideSolutionNode = FALSE
	EndGlobalSection
	GlobalSection(NestedProjects) = preSolution
		{532CC47C-B70A-4B9B-A84B-DB65553F2D6F} = {6135163D-9CD9-4A43-A43F-4B39465A161C}
		{0988ED73-5D0C-4D21-ADD2-4E7380214FE9} = {6135163D-9CD9-4A43-A43F-4B39465A161C}
		{1BE47183-3A10-4A65-B9D4-E12A813EEF22} = {C463D686-8664-4CB6-964D-2A1F7C296DB8}
		{3B6841C2-D89B-43EF-9BA0-D4DCC5AA09AD} = {C463D686-8664-4CB6-964D-2A1F7C296DB8}
	EndGlobalSection
	GlobalSection(ExtensibilityGlobals) = postSolution
		SolutionGuid = {F970FA5B-DC59-4424-B546-BFF1F2778F48}
	EndGlobalSection
EndGlobal
