
Microsoft Visual Studio Solution File, Format Version 12.00
# Visual Studio Version 16
VisualStudioVersion = 16.0.33214.272
MinimumVisualStudioVersion = 10.0.40219.1
Project("{FAE04EC0-301F-11D3-BF4B-00C04F79EFBC}") = "ConversorMoneda", "ConversorMoneda\ConversorMoneda.csproj", "{532CC47C-B70A-4B9B-A84B-DB65553F2D6F}"
EndProject
Project("{FAE04EC0-301F-11D3-BF4B-00C04F79EFBC}") = "ObserverLibrary", "ObserverLibrary\ObserverLibrary.csproj", "{0988ED73-5D0C-4D21-ADD2-4E7380214FE9}"
EndProject
Project("{2150E333-8FDC-42A3-9474-1A3956D46DE8}") = "PatronObserver", "PatronObserver", "{6135163D-9CD9-4A43-A43F-4B39465A161C}"
EndProject
Project("{2150E333-8FDC-42A3-9474-1A3956D46DE8}") = "abstractFactory", "abstractFactory", "{C463D686-8664-4CB6-964D-2A1F7C296DB8}"
EndProject
Project("{FAE04EC0-301F-11D3-BF4B-00C04F79EFBC}") = "Factory_Muebles", "Factory_Muebles\Factory_Muebles.csproj", "{1BE47183-3A10-4A65-B9D4-E12A813EEF22}"
EndProject
Project("{FAE04EC0-301F-11D3-BF4B-00C04F79EFBC}") = "Fabrica_mueble_Library", "Fabrica_mueble_Library\Fabrica_mueble_Library.csproj", "{3B6841C2-D89B-43EF-9BA0-D4DCC5AA09AD}"
EndProject
Project("{2150E333-8FDC-42A3-9474-1A3956D46DE8}") = "Builder", "Builder", "{C1160877-8734-4CD3-97F3-1AF461859862}"
EndProject
Project("{FAE04EC0-301F-11D3-BF4B-00C04F79EFBC}") = "DiscograficaBuilder", "DiscograficaBuilder\DiscograficaBuilder.csproj", "{3EB2CACF-8EB7-4BD8-BCA2-EDE4DA4B4170}"
EndProject
Project("{FAE04EC0-301F-11D3-BF4B-00C04F79EFBC}") = "DiscograficaBuilderLibrary", "DiscograficaBuilderLibrary\DiscograficaBuilderLibrary.csproj", "{E688D929-1CC4-453C-A8AB-572B80DE3435}"
EndProject
Project("{2150E333-8FDC-42A3-9474-1A3956D46DE8}") = "Factory", "Factory", "{185B8B82-4D71-4932-B5F8-8318B9859424}"
EndProject
Project("{FAE04EC0-301F-11D3-BF4B-00C04F79EFBC}") = "FactoryColores", "FactoryColores\FactoryColores.csproj", "{0BAFF86E-64A6-47CE-BAEE-6DA16ED29BC3}"
EndProject
Project("{FAE04EC0-301F-11D3-BF4B-00C04F79EFBC}") = "ColoresFactoryLibrary", "ColoresFactoryLibrary\ColoresFactoryLibrary.csproj", "{94E0E04B-A5D9-4566-8918-56B3C325C4EC}"
EndProject
Project("{2150E333-8FDC-42A3-9474-1A3956D46DE8}") = "singleton", "singleton", "{11F59CBB-A40F-4C69-A135-4A254B06D055}"
EndProject
Project("{FAE04EC0-301F-11D3-BF4B-00C04F79EFBC}") = "manejo_de_imagenes_Singleton", "manejo_de_imagenes_Singleton\manejo_de_imagenes_Singleton.csproj", "{0265DC23-D5A5-4A24-ADAD-4397084B03C0}"
EndProject
Project("{FAE04EC0-301F-11D3-BF4B-00C04F79EFBC}") = "Manejo_de_imagenes_SingletonLibrary", "Manejo_de_imagenes_SingletonLibrary\Manejo_de_imagenes_SingletonLibrary.csproj", "{A24084EE-1409-472D-821B-2F52F7BF02E2}"
EndProject
Project("{2150E333-8FDC-42A3-9474-1A3956D46DE8}") = "Dao", "Dao", "{4E7A8EC1-6684-4DD6-8F96-1A70C116CAD0}"
EndProject
Project("{FAE04EC0-301F-11D3-BF4B-00C04F79EFBC}") = "PersonasDaoLibrary", "PersonasDaoLibrary\PersonasDaoLibrary.csproj", "{F507BB56-002E-4EB0-B3AB-F5D387DC4B72}"
EndProject
Project("{FAE04EC0-301F-11D3-BF4B-00C04F79EFBC}") = "PersonasDaoPatron", "PersonasDaoPatron\PersonasDaoPatron.csproj", "{0A30F886-A041-420E-AC58-28363B851B2E}"
EndProject
Project("{2150E333-8FDC-42A3-9474-1A3956D46DE8}") = "Prototype", "Prototype", "{2AD351F5-02F1-4983-8B04-D8332FF9469E}"
EndProject
Project("{FAE04EC0-301F-11D3-BF4B-00C04F79EFBC}") = "PrototypeCuentasBancariasLibrary", "PrototypeCuentasBancariasLibrary\PrototypeCuentasBancariasLibrary.csproj", "{92688D51-E090-4818-8B7E-20011C5153DB}"
EndProject
Project("{FAE04EC0-301F-11D3-BF4B-00C04F79EFBC}") = "CuentasBancariasPrototype", "CuentasBancariasPrototype\CuentasBancariasPrototype.csproj", "{CE732470-3C3A-4E4C-BA92-EA0EA19A9C8C}"
EndProject
Project("{2150E333-8FDC-42A3-9474-1A3956D46DE8}") = "Strategy", "Strategy", "{999147E9-8B77-42BC-B0F6-A97D9FCA0A02}"
EndProject
Project("{FAE04EC0-301F-11D3-BF4B-00C04F79EFBC}") = "AntivirusStrategyLibrary", "AntivirusStrategyLibrary\AntivirusStrategyLibrary.csproj", "{1D9E2968-4AB3-4832-AB28-E3246F4FDFC2}"
EndProject
Project("{FAE04EC0-301F-11D3-BF4B-00C04F79EFBC}") = "AntivirusStrategyProject", "AntivirusStrategyProject\AntivirusStrategyProject.csproj", "{2F5C094E-5F8E-463A-807D-73F732AC9459}"
EndProject
Project("{2150E333-8FDC-42A3-9474-1A3956D46DE8}") = "Facade", "Facade", "{35392DE9-5463-4E25-ACFA-1DD25270CF0E}"
EndProject
Project("{FAE04EC0-301F-11D3-BF4B-00C04F79EFBC}") = "VuelosFacadeLibrary", "VuelosFacadeLibrary\VuelosFacadeLibrary.csproj", "{C35B820F-C04F-4D51-8DC4-52AE78E83AFE}"
EndProject
Project("{FAE04EC0-301F-11D3-BF4B-00C04F79EFBC}") = "FacadeVuelos", "FacadeVuelos\FacadeVuelos.csproj", "{1DE3D0E3-5C0F-4FDC-ABF2-F3B662C6F9DD}"
EndProject
Project("{2150E333-8FDC-42A3-9474-1A3956D46DE8}") = "Memento", "Memento", "{CFDE2E12-85BF-48DF-8A4E-7DD30F5B7013}"
EndProject
Project("{2150E333-8FDC-42A3-9474-1A3956D46DE8}") = "Decorator", "Decorator", "{5545CED5-A80E-4A2F-9A9C-5DCD1C747232}"
EndProject
Project("{FAE04EC0-301F-11D3-BF4B-00C04F79EFBC}") = "ShapeDecoratorLibrary", "ShapeDecoratorLibrary\ShapeDecoratorLibrary.csproj", "{E6F5F26A-A243-4630-8E18-B1CD851D69F0}"
EndProject
Project("{FAE04EC0-301F-11D3-BF4B-00C04F79EFBC}") = "DecoratorApp", "DecoratorApp\DecoratorApp.csproj", "{E8D08DFC-DC49-434D-8861-E7DC7E6FEBBB}"
EndProject
Project("{2150E333-8FDC-42A3-9474-1A3956D46DE8}") = "Adapter", "Adapter", "{82F7A579-466C-4C06-B598-64E169622DA2}"
EndProject
Project("{FAE04EC0-301F-11D3-BF4B-00C04F79EFBC}") = "AutomovilesAdapterLibrary", "AutomovilesAdapterLibrary\AutomovilesAdapterLibrary.csproj", "{DB516123-96B6-432E-B790-C72DAE502226}"
EndProject
Project("{FAE04EC0-301F-11D3-BF4B-00C04F79EFBC}") = "AutomovilesAdapter", "AutomovilesAdapter\AutomovilesAdapter.csproj", "{070914E5-F30F-4951-A802-4B672040E968}"
EndProject
Project("{2150E333-8FDC-42A3-9474-1A3956D46DE8}") = "Command", "Command", "{B95A97D6-056C-4DCF-8D44-A9C97BB913F2}"
EndProject
Project("{FAE04EC0-301F-11D3-BF4B-00C04F79EFBC}") = "CuentaBancariaCommandLibrary", "CuentaBancariaCommandLibrary\CuentaBancariaCommandLibrary.csproj", "{EAB53BC2-ACE1-4307-9E50-CD1E92872E9A}"
EndProject
Project("{FAE04EC0-301F-11D3-BF4B-00C04F79EFBC}") = "CuentasBancariasApp", "CuentasBancariasApp\CuentasBancariasApp.csproj", "{C2F8C4C1-2987-40CA-993B-0D56BBD435E4}"
EndProject
Project("{2150E333-8FDC-42A3-9474-1A3956D46DE8}") = "Interpreter", "Interpreter", "{DA7F7F72-9D53-4F30-98E2-768BA4A69A55}"
EndProject
Project("{FAE04EC0-301F-11D3-BF4B-00C04F79EFBC}") = "MementoCoreLibrary", "MementoCoreLibrary\MementoCoreLibrary.csproj", "{5C22437F-026B-4268-9955-2496E3FEF968}"
EndProject
Project("{FAE04EC0-301F-11D3-BF4B-00C04F79EFBC}") = "AppMemento", "AppMemento\AppMemento.csproj", "{DE85500A-B43A-4963-A3B1-D2C29285A46B}"
EndProject
Global
	GlobalSection(SolutionConfigurationPlatforms) = preSolution
		Debug|Any CPU = Debug|Any CPU
		Release|Any CPU = Release|Any CPU
	EndGlobalSection
	GlobalSection(ProjectConfigurationPlatforms) = postSolution
		{532CC47C-B70A-4B9B-A84B-DB65553F2D6F}.Debug|Any CPU.ActiveCfg = Debug|Any CPU
		{532CC47C-B70A-4B9B-A84B-DB65553F2D6F}.Debug|Any CPU.Build.0 = Debug|Any CPU
		{532CC47C-B70A-4B9B-A84B-DB65553F2D6F}.Release|Any CPU.ActiveCfg = Release|Any CPU
		{532CC47C-B70A-4B9B-A84B-DB65553F2D6F}.Release|Any CPU.Build.0 = Release|Any CPU
		{0988ED73-5D0C-4D21-ADD2-4E7380214FE9}.Debug|Any CPU.ActiveCfg = Debug|Any CPU
		{0988ED73-5D0C-4D21-ADD2-4E7380214FE9}.Debug|Any CPU.Build.0 = Debug|Any CPU
		{0988ED73-5D0C-4D21-ADD2-4E7380214FE9}.Release|Any CPU.ActiveCfg = Release|Any CPU
		{0988ED73-5D0C-4D21-ADD2-4E7380214FE9}.Release|Any CPU.Build.0 = Release|Any CPU
		{1BE47183-3A10-4A65-B9D4-E12A813EEF22}.Debug|Any CPU.ActiveCfg = Debug|Any CPU
		{1BE47183-3A10-4A65-B9D4-E12A813EEF22}.Debug|Any CPU.Build.0 = Debug|Any CPU
		{1BE47183-3A10-4A65-B9D4-E12A813EEF22}.Release|Any CPU.ActiveCfg = Release|Any CPU
		{1BE47183-3A10-4A65-B9D4-E12A813EEF22}.Release|Any CPU.Build.0 = Release|Any CPU
		{3B6841C2-D89B-43EF-9BA0-D4DCC5AA09AD}.Debug|Any CPU.ActiveCfg = Debug|Any CPU
		{3B6841C2-D89B-43EF-9BA0-D4DCC5AA09AD}.Debug|Any CPU.Build.0 = Debug|Any CPU
		{3B6841C2-D89B-43EF-9BA0-D4DCC5AA09AD}.Release|Any CPU.ActiveCfg = Release|Any CPU
		{3B6841C2-D89B-43EF-9BA0-D4DCC5AA09AD}.Release|Any CPU.Build.0 = Release|Any CPU
		{3EB2CACF-8EB7-4BD8-BCA2-EDE4DA4B4170}.Debug|Any CPU.ActiveCfg = Debug|Any CPU
		{3EB2CACF-8EB7-4BD8-BCA2-EDE4DA4B4170}.Debug|Any CPU.Build.0 = Debug|Any CPU
		{3EB2CACF-8EB7-4BD8-BCA2-EDE4DA4B4170}.Release|Any CPU.ActiveCfg = Release|Any CPU
		{3EB2CACF-8EB7-4BD8-BCA2-EDE4DA4B4170}.Release|Any CPU.Build.0 = Release|Any CPU
		{E688D929-1CC4-453C-A8AB-572B80DE3435}.Debug|Any CPU.ActiveCfg = Debug|Any CPU
		{E688D929-1CC4-453C-A8AB-572B80DE3435}.Debug|Any CPU.Build.0 = Debug|Any CPU
		{E688D929-1CC4-453C-A8AB-572B80DE3435}.Release|Any CPU.ActiveCfg = Release|Any CPU
		{E688D929-1CC4-453C-A8AB-572B80DE3435}.Release|Any CPU.Build.0 = Release|Any CPU
		{0BAFF86E-64A6-47CE-BAEE-6DA16ED29BC3}.Debug|Any CPU.ActiveCfg = Debug|Any CPU
		{0BAFF86E-64A6-47CE-BAEE-6DA16ED29BC3}.Debug|Any CPU.Build.0 = Debug|Any CPU
		{0BAFF86E-64A6-47CE-BAEE-6DA16ED29BC3}.Release|Any CPU.ActiveCfg = Release|Any CPU
		{0BAFF86E-64A6-47CE-BAEE-6DA16ED29BC3}.Release|Any CPU.Build.0 = Release|Any CPU
		{94E0E04B-A5D9-4566-8918-56B3C325C4EC}.Debug|Any CPU.ActiveCfg = Debug|Any CPU
		{94E0E04B-A5D9-4566-8918-56B3C325C4EC}.Debug|Any CPU.Build.0 = Debug|Any CPU
		{94E0E04B-A5D9-4566-8918-56B3C325C4EC}.Release|Any CPU.ActiveCfg = Release|Any CPU
		{94E0E04B-A5D9-4566-8918-56B3C325C4EC}.Release|Any CPU.Build.0 = Release|Any CPU
		{0265DC23-D5A5-4A24-ADAD-4397084B03C0}.Debug|Any CPU.ActiveCfg = Debug|Any CPU
		{0265DC23-D5A5-4A24-ADAD-4397084B03C0}.Debug|Any CPU.Build.0 = Debug|Any CPU
		{0265DC23-D5A5-4A24-ADAD-4397084B03C0}.Release|Any CPU.ActiveCfg = Release|Any CPU
		{0265DC23-D5A5-4A24-ADAD-4397084B03C0}.Release|Any CPU.Build.0 = Release|Any CPU
		{A24084EE-1409-472D-821B-2F52F7BF02E2}.Debug|Any CPU.ActiveCfg = Debug|Any CPU
		{A24084EE-1409-472D-821B-2F52F7BF02E2}.Debug|Any CPU.Build.0 = Debug|Any CPU
		{A24084EE-1409-472D-821B-2F52F7BF02E2}.Release|Any CPU.ActiveCfg = Release|Any CPU
		{A24084EE-1409-472D-821B-2F52F7BF02E2}.Release|Any CPU.Build.0 = Release|Any CPU
		{F507BB56-002E-4EB0-B3AB-F5D387DC4B72}.Debug|Any CPU.ActiveCfg = Debug|Any CPU
		{F507BB56-002E-4EB0-B3AB-F5D387DC4B72}.Debug|Any CPU.Build.0 = Debug|Any CPU
		{F507BB56-002E-4EB0-B3AB-F5D387DC4B72}.Release|Any CPU.ActiveCfg = Release|Any CPU
		{F507BB56-002E-4EB0-B3AB-F5D387DC4B72}.Release|Any CPU.Build.0 = Release|Any CPU
		{0A30F886-A041-420E-AC58-28363B851B2E}.Debug|Any CPU.ActiveCfg = Debug|Any CPU
		{0A30F886-A041-420E-AC58-28363B851B2E}.Debug|Any CPU.Build.0 = Debug|Any CPU
		{0A30F886-A041-420E-AC58-28363B851B2E}.Release|Any CPU.ActiveCfg = Release|Any CPU
		{0A30F886-A041-420E-AC58-28363B851B2E}.Release|Any CPU.Build.0 = Release|Any CPU
		{92688D51-E090-4818-8B7E-20011C5153DB}.Debug|Any CPU.ActiveCfg = Debug|Any CPU
		{92688D51-E090-4818-8B7E-20011C5153DB}.Debug|Any CPU.Build.0 = Debug|Any CPU
		{92688D51-E090-4818-8B7E-20011C5153DB}.Release|Any CPU.ActiveCfg = Release|Any CPU
		{92688D51-E090-4818-8B7E-20011C5153DB}.Release|Any CPU.Build.0 = Release|Any CPU
		{CE732470-3C3A-4E4C-BA92-EA0EA19A9C8C}.Debug|Any CPU.ActiveCfg = Debug|Any CPU
		{CE732470-3C3A-4E4C-BA92-EA0EA19A9C8C}.Debug|Any CPU.Build.0 = Debug|Any CPU
		{CE732470-3C3A-4E4C-BA92-EA0EA19A9C8C}.Release|Any CPU.ActiveCfg = Release|Any CPU
		{CE732470-3C3A-4E4C-BA92-EA0EA19A9C8C}.Release|Any CPU.Build.0 = Release|Any CPU
		{1D9E2968-4AB3-4832-AB28-E3246F4FDFC2}.Debug|Any CPU.ActiveCfg = Debug|Any CPU
		{1D9E2968-4AB3-4832-AB28-E3246F4FDFC2}.Debug|Any CPU.Build.0 = Debug|Any CPU
		{1D9E2968-4AB3-4832-AB28-E3246F4FDFC2}.Release|Any CPU.ActiveCfg = Release|Any CPU
		{1D9E2968-4AB3-4832-AB28-E3246F4FDFC2}.Release|Any CPU.Build.0 = Release|Any CPU
		{2F5C094E-5F8E-463A-807D-73F732AC9459}.Debug|Any CPU.ActiveCfg = Debug|Any CPU
		{2F5C094E-5F8E-463A-807D-73F732AC9459}.Debug|Any CPU.Build.0 = Debug|Any CPU
		{2F5C094E-5F8E-463A-807D-73F732AC9459}.Release|Any CPU.ActiveCfg = Release|Any CPU
		{2F5C094E-5F8E-463A-807D-73F732AC9459}.Release|Any CPU.Build.0 = Release|Any CPU
		{C35B820F-C04F-4D51-8DC4-52AE78E83AFE}.Debug|Any CPU.ActiveCfg = Debug|Any CPU
		{C35B820F-C04F-4D51-8DC4-52AE78E83AFE}.Debug|Any CPU.Build.0 = Debug|Any CPU
		{C35B820F-C04F-4D51-8DC4-52AE78E83AFE}.Release|Any CPU.ActiveCfg = Release|Any CPU
		{C35B820F-C04F-4D51-8DC4-52AE78E83AFE}.Release|Any CPU.Build.0 = Release|Any CPU
		{1DE3D0E3-5C0F-4FDC-ABF2-F3B662C6F9DD}.Debug|Any CPU.ActiveCfg = Debug|Any CPU
		{1DE3D0E3-5C0F-4FDC-ABF2-F3B662C6F9DD}.Debug|Any CPU.Build.0 = Debug|Any CPU
		{1DE3D0E3-5C0F-4FDC-ABF2-F3B662C6F9DD}.Release|Any CPU.ActiveCfg = Release|Any CPU
		{1DE3D0E3-5C0F-4FDC-ABF2-F3B662C6F9DD}.Release|Any CPU.Build.0 = Release|Any CPU
		{E6F5F26A-A243-4630-8E18-B1CD851D69F0}.Debug|Any CPU.ActiveCfg = Debug|Any CPU
		{E6F5F26A-A243-4630-8E18-B1CD851D69F0}.Debug|Any CPU.Build.0 = Debug|Any CPU
		{E6F5F26A-A243-4630-8E18-B1CD851D69F0}.Release|Any CPU.ActiveCfg = Release|Any CPU
		{E6F5F26A-A243-4630-8E18-B1CD851D69F0}.Release|Any CPU.Build.0 = Release|Any CPU
		{E8D08DFC-DC49-434D-8861-E7DC7E6FEBBB}.Debug|Any CPU.ActiveCfg = Debug|Any CPU
		{E8D08DFC-DC49-434D-8861-E7DC7E6FEBBB}.Debug|Any CPU.Build.0 = Debug|Any CPU
		{E8D08DFC-DC49-434D-8861-E7DC7E6FEBBB}.Release|Any CPU.ActiveCfg = Release|Any CPU
		{E8D08DFC-DC49-434D-8861-E7DC7E6FEBBB}.Release|Any CPU.Build.0 = Release|Any CPU
		{DB516123-96B6-432E-B790-C72DAE502226}.Debug|Any CPU.ActiveCfg = Debug|Any CPU
		{DB516123-96B6-432E-B790-C72DAE502226}.Debug|Any CPU.Build.0 = Debug|Any CPU
		{DB516123-96B6-432E-B790-C72DAE502226}.Release|Any CPU.ActiveCfg = Release|Any CPU
		{DB516123-96B6-432E-B790-C72DAE502226}.Release|Any CPU.Build.0 = Release|Any CPU
		{070914E5-F30F-4951-A802-4B672040E968}.Debug|Any CPU.ActiveCfg = Debug|Any CPU
		{070914E5-F30F-4951-A802-4B672040E968}.Debug|Any CPU.Build.0 = Debug|Any CPU
		{070914E5-F30F-4951-A802-4B672040E968}.Release|Any CPU.ActiveCfg = Release|Any CPU
		{070914E5-F30F-4951-A802-4B672040E968}.Release|Any CPU.Build.0 = Release|Any CPU
		{EAB53BC2-ACE1-4307-9E50-CD1E92872E9A}.Debug|Any CPU.ActiveCfg = Debug|Any CPU
		{EAB53BC2-ACE1-4307-9E50-CD1E92872E9A}.Debug|Any CPU.Build.0 = Debug|Any CPU
		{EAB53BC2-ACE1-4307-9E50-CD1E92872E9A}.Release|Any CPU.ActiveCfg = Release|Any CPU
		{EAB53BC2-ACE1-4307-9E50-CD1E92872E9A}.Release|Any CPU.Build.0 = Release|Any CPU
		{C2F8C4C1-2987-40CA-993B-0D56BBD435E4}.Debug|Any CPU.ActiveCfg = Debug|Any CPU
		{C2F8C4C1-2987-40CA-993B-0D56BBD435E4}.Debug|Any CPU.Build.0 = Debug|Any CPU
		{C2F8C4C1-2987-40CA-993B-0D56BBD435E4}.Release|Any CPU.ActiveCfg = Release|Any CPU
		{C2F8C4C1-2987-40CA-993B-0D56BBD435E4}.Release|Any CPU.Build.0 = Release|Any CPU
		{5C22437F-026B-4268-9955-2496E3FEF968}.Debug|Any CPU.ActiveCfg = Debug|Any CPU
		{5C22437F-026B-4268-9955-2496E3FEF968}.Debug|Any CPU.Build.0 = Debug|Any CPU
		{5C22437F-026B-4268-9955-2496E3FEF968}.Release|Any CPU.ActiveCfg = Release|Any CPU
		{5C22437F-026B-4268-9955-2496E3FEF968}.Release|Any CPU.Build.0 = Release|Any CPU
		{DE85500A-B43A-4963-A3B1-D2C29285A46B}.Debug|Any CPU.ActiveCfg = Debug|Any CPU
		{DE85500A-B43A-4963-A3B1-D2C29285A46B}.Debug|Any CPU.Build.0 = Debug|Any CPU
		{DE85500A-B43A-4963-A3B1-D2C29285A46B}.Release|Any CPU.ActiveCfg = Release|Any CPU
		{DE85500A-B43A-4963-A3B1-D2C29285A46B}.Release|Any CPU.Build.0 = Release|Any CPU
	EndGlobalSection
	GlobalSection(SolutionProperties) = preSolution
		HideSolutionNode = FALSE
	EndGlobalSection
	GlobalSection(NestedProjects) = preSolution
		{532CC47C-B70A-4B9B-A84B-DB65553F2D6F} = {6135163D-9CD9-4A43-A43F-4B39465A161C}
		{0988ED73-5D0C-4D21-ADD2-4E7380214FE9} = {6135163D-9CD9-4A43-A43F-4B39465A161C}
		{1BE47183-3A10-4A65-B9D4-E12A813EEF22} = {C463D686-8664-4CB6-964D-2A1F7C296DB8}
		{3B6841C2-D89B-43EF-9BA0-D4DCC5AA09AD} = {C463D686-8664-4CB6-964D-2A1F7C296DB8}
		{3EB2CACF-8EB7-4BD8-BCA2-EDE4DA4B4170} = {C1160877-8734-4CD3-97F3-1AF461859862}
		{E688D929-1CC4-453C-A8AB-572B80DE3435} = {C1160877-8734-4CD3-97F3-1AF461859862}
		{0BAFF86E-64A6-47CE-BAEE-6DA16ED29BC3} = {185B8B82-4D71-4932-B5F8-8318B9859424}
		{94E0E04B-A5D9-4566-8918-56B3C325C4EC} = {185B8B82-4D71-4932-B5F8-8318B9859424}
		{0265DC23-D5A5-4A24-ADAD-4397084B03C0} = {11F59CBB-A40F-4C69-A135-4A254B06D055}
		{A24084EE-1409-472D-821B-2F52F7BF02E2} = {11F59CBB-A40F-4C69-A135-4A254B06D055}
		{F507BB56-002E-4EB0-B3AB-F5D387DC4B72} = {4E7A8EC1-6684-4DD6-8F96-1A70C116CAD0}
		{0A30F886-A041-420E-AC58-28363B851B2E} = {4E7A8EC1-6684-4DD6-8F96-1A70C116CAD0}
		{92688D51-E090-4818-8B7E-20011C5153DB} = {2AD351F5-02F1-4983-8B04-D8332FF9469E}
		{CE732470-3C3A-4E4C-BA92-EA0EA19A9C8C} = {2AD351F5-02F1-4983-8B04-D8332FF9469E}
		{1D9E2968-4AB3-4832-AB28-E3246F4FDFC2} = {999147E9-8B77-42BC-B0F6-A97D9FCA0A02}
		{2F5C094E-5F8E-463A-807D-73F732AC9459} = {999147E9-8B77-42BC-B0F6-A97D9FCA0A02}
		{C35B820F-C04F-4D51-8DC4-52AE78E83AFE} = {35392DE9-5463-4E25-ACFA-1DD25270CF0E}
		{1DE3D0E3-5C0F-4FDC-ABF2-F3B662C6F9DD} = {35392DE9-5463-4E25-ACFA-1DD25270CF0E}
		{E6F5F26A-A243-4630-8E18-B1CD851D69F0} = {5545CED5-A80E-4A2F-9A9C-5DCD1C747232}
		{E8D08DFC-DC49-434D-8861-E7DC7E6FEBBB} = {5545CED5-A80E-4A2F-9A9C-5DCD1C747232}
		{DB516123-96B6-432E-B790-C72DAE502226} = {82F7A579-466C-4C06-B598-64E169622DA2}
		{070914E5-F30F-4951-A802-4B672040E968} = {82F7A579-466C-4C06-B598-64E169622DA2}
		{EAB53BC2-ACE1-4307-9E50-CD1E92872E9A} = {B95A97D6-056C-4DCF-8D44-A9C97BB913F2}
		{C2F8C4C1-2987-40CA-993B-0D56BBD435E4} = {B95A97D6-056C-4DCF-8D44-A9C97BB913F2}
		{5C22437F-026B-4268-9955-2496E3FEF968} = {CFDE2E12-85BF-48DF-8A4E-7DD30F5B7013}
		{DE85500A-B43A-4963-A3B1-D2C29285A46B} = {CFDE2E12-85BF-48DF-8A4E-7DD30F5B7013}
	EndGlobalSection
	GlobalSection(ExtensibilityGlobals) = postSolution
		SolutionGuid = {F970FA5B-DC59-4424-B546-BFF1F2778F48}
	EndGlobalSection
EndGlobal
